
Microsoft Visual Studio Solution File, Format Version 12.00
# Visual Studio Version 17
VisualStudioVersion = 17.9.34728.123
MinimumVisualStudioVersion = 10.0.40219.1
Project("{FAE04EC0-301F-11D3-BF4B-00C04F79EFBC}") = "DuplicateArray", "DuplicateArrat\DuplicateArray.csproj", "{2E552B25-E02B-4E00-8D73-D84C93A140C5}"
EndProject
Global
	GlobalSection(SolutionConfigurationPlatforms) = preSolution
		Debug|Any CPU = Debug|Any CPU
		Release|Any CPU = Release|Any CPU
	EndGlobalSection
	GlobalSection(ProjectConfigurationPlatforms) = postSolution
		{2E552B25-E02B-4E00-8D73-D84C93A140C5}.Debug|Any CPU.ActiveCfg = Debug|Any CPU
		{2E552B25-E02B-4E00-8D73-D84C93A140C5}.Debug|Any CPU.Build.0 = Debug|Any CPU
		{2E552B25-E02B-4E00-8D73-D84C93A140C5}.Release|Any CPU.ActiveCfg = Release|Any CPU
		{2E552B25-E02B-4E00-8D73-D84C93A140C5}.Release|Any CPU.Build.0 = Release|Any CPU
	EndGlobalSection
	GlobalSection(SolutionProperties) = preSolution
		HideSolutionNode = FALSE
	EndGlobalSection
	GlobalSection(ExtensibilityGlobals) = postSolution
		SolutionGuid = {5B0329CE-5A3A-4C1E-9040-75CAC4A99FAE}
	EndGlobalSection
EndGlobal
